
Microsoft Visual Studio Solution File, Format Version 10.00
# Visual C# Express 2008
Project("{FAE04EC0-301F-11D3-BF4B-00C04F79EFBC}") = "TheSign", "TheSign.csproj", "{2E8C6510-E3B5-4C57-970C-F1C6D970B574}"
EndProject
Project("{FAE04EC0-301F-11D3-BF4B-00C04F79EFBC}") = "SignBrowser", "SignBrowser\SignBrowser.csproj", "{9F324DF3-94F5-4651-8924-0F441BEF4AD0}"
EndProject
Global
	GlobalSection(SolutionConfigurationPlatforms) = preSolution
		Debug|Any CPU = Debug|Any CPU
		Release|Any CPU = Release|Any CPU
	EndGlobalSection
	GlobalSection(ProjectConfigurationPlatforms) = postSolution
		{2E8C6510-E3B5-4C57-970C-F1C6D970B574}.Debug|Any CPU.ActiveCfg = Debug|Any CPU
		{2E8C6510-E3B5-4C57-970C-F1C6D970B574}.Debug|Any CPU.Build.0 = Debug|Any CPU
		{2E8C6510-E3B5-4C57-970C-F1C6D970B574}.Release|Any CPU.ActiveCfg = Release|Any CPU
		{2E8C6510-E3B5-4C57-970C-F1C6D970B574}.Release|Any CPU.Build.0 = Release|Any CPU
		{9F324DF3-94F5-4651-8924-0F441BEF4AD0}.Debug|Any CPU.ActiveCfg = Debug|Any CPU
		{9F324DF3-94F5-4651-8924-0F441BEF4AD0}.Debug|Any CPU.Build.0 = Debug|Any CPU
		{9F324DF3-94F5-4651-8924-0F441BEF4AD0}.Release|Any CPU.ActiveCfg = Release|Any CPU
		{9F324DF3-94F5-4651-8924-0F441BEF4AD0}.Release|Any CPU.Build.0 = Release|Any CPU
	EndGlobalSection
	GlobalSection(SolutionProperties) = preSolution
		HideSolutionNode = FALSE
	EndGlobalSection
EndGlobal
